
Microsoft Visual Studio Solution File, Format Version 12.00
# Visual Studio 15
VisualStudioVersion = 15.0.26124.0
MinimumVisualStudioVersion = 15.0.26124.0
Project("{FAE04EC0-301F-11D3-BF4B-00C04F79EFBC}") = "EShop", "Api\EShop.csproj", "{D6254B6D-D9D2-4992-BBEC-3F5A827CA245}"
EndProject
Project("{FAE04EC0-301F-11D3-BF4B-00C04F79EFBC}") = "Core", "Core\Core.csproj", "{724D4CD7-8E63-4591-B785-C4ECB28A8E80}"
EndProject
Project("{FAE04EC0-301F-11D3-BF4B-00C04F79EFBC}") = "Infrastructure", "Infrastructure\Infrastructure.csproj", "{63EDB53E-8C98-4C4B-88E4-35CF4645DBE3}"
EndProject
Global
	GlobalSection(SolutionConfigurationPlatforms) = preSolution
		Debug|Any CPU = Debug|Any CPU
		Debug|x64 = Debug|x64
		Debug|x86 = Debug|x86
		Release|Any CPU = Release|Any CPU
		Release|x64 = Release|x64
		Release|x86 = Release|x86
	EndGlobalSection
	GlobalSection(SolutionProperties) = preSolution
		HideSolutionNode = FALSE
	EndGlobalSection
	GlobalSection(ProjectConfigurationPlatforms) = postSolution
		{D6254B6D-D9D2-4992-BBEC-3F5A827CA245}.Debug|Any CPU.ActiveCfg = Debug|Any CPU
		{D6254B6D-D9D2-4992-BBEC-3F5A827CA245}.Debug|Any CPU.Build.0 = Debug|Any CPU
		{D6254B6D-D9D2-4992-BBEC-3F5A827CA245}.Debug|x64.ActiveCfg = Debug|Any CPU
		{D6254B6D-D9D2-4992-BBEC-3F5A827CA245}.Debug|x64.Build.0 = Debug|Any CPU
		{D6254B6D-D9D2-4992-BBEC-3F5A827CA245}.Debug|x86.ActiveCfg = Debug|Any CPU
		{D6254B6D-D9D2-4992-BBEC-3F5A827CA245}.Debug|x86.Build.0 = Debug|Any CPU
		{D6254B6D-D9D2-4992-BBEC-3F5A827CA245}.Release|Any CPU.ActiveCfg = Release|Any CPU
		{D6254B6D-D9D2-4992-BBEC-3F5A827CA245}.Release|Any CPU.Build.0 = Release|Any CPU
		{D6254B6D-D9D2-4992-BBEC-3F5A827CA245}.Release|x64.ActiveCfg = Release|Any CPU
		{D6254B6D-D9D2-4992-BBEC-3F5A827CA245}.Release|x64.Build.0 = Release|Any CPU
		{D6254B6D-D9D2-4992-BBEC-3F5A827CA245}.Release|x86.ActiveCfg = Release|Any CPU
		{D6254B6D-D9D2-4992-BBEC-3F5A827CA245}.Release|x86.Build.0 = Release|Any CPU
		{724D4CD7-8E63-4591-B785-C4ECB28A8E80}.Debug|Any CPU.ActiveCfg = Debug|Any CPU
		{724D4CD7-8E63-4591-B785-C4ECB28A8E80}.Debug|Any CPU.Build.0 = Debug|Any CPU
		{724D4CD7-8E63-4591-B785-C4ECB28A8E80}.Debug|x64.ActiveCfg = Debug|Any CPU
		{724D4CD7-8E63-4591-B785-C4ECB28A8E80}.Debug|x64.Build.0 = Debug|Any CPU
		{724D4CD7-8E63-4591-B785-C4ECB28A8E80}.Debug|x86.ActiveCfg = Debug|Any CPU
		{724D4CD7-8E63-4591-B785-C4ECB28A8E80}.Debug|x86.Build.0 = Debug|Any CPU
		{724D4CD7-8E63-4591-B785-C4ECB28A8E80}.Release|Any CPU.ActiveCfg = Release|Any CPU
		{724D4CD7-8E63-4591-B785-C4ECB28A8E80}.Release|Any CPU.Build.0 = Release|Any CPU
		{724D4CD7-8E63-4591-B785-C4ECB28A8E80}.Release|x64.ActiveCfg = Release|Any CPU
		{724D4CD7-8E63-4591-B785-C4ECB28A8E80}.Release|x64.Build.0 = Release|Any CPU
		{724D4CD7-8E63-4591-B785-C4ECB28A8E80}.Release|x86.ActiveCfg = Release|Any CPU
		{724D4CD7-8E63-4591-B785-C4ECB28A8E80}.Release|x86.Build.0 = Release|Any CPU
		{63EDB53E-8C98-4C4B-88E4-35CF4645DBE3}.Debug|Any CPU.ActiveCfg = Debug|Any CPU
		{63EDB53E-8C98-4C4B-88E4-35CF4645DBE3}.Debug|Any CPU.Build.0 = Debug|Any CPU
		{63EDB53E-8C98-4C4B-88E4-35CF4645DBE3}.Debug|x64.ActiveCfg = Debug|Any CPU
		{63EDB53E-8C98-4C4B-88E4-35CF4645DBE3}.Debug|x64.Build.0 = Debug|Any CPU
		{63EDB53E-8C98-4C4B-88E4-35CF4645DBE3}.Debug|x86.ActiveCfg = Debug|Any CPU
		{63EDB53E-8C98-4C4B-88E4-35CF4645DBE3}.Debug|x86.Build.0 = Debug|Any CPU
		{63EDB53E-8C98-4C4B-88E4-35CF4645DBE3}.Release|Any CPU.ActiveCfg = Release|Any CPU
		{63EDB53E-8C98-4C4B-88E4-35CF4645DBE3}.Release|Any CPU.Build.0 = Release|Any CPU
		{63EDB53E-8C98-4C4B-88E4-35CF4645DBE3}.Release|x64.ActiveCfg = Release|Any CPU
		{63EDB53E-8C98-4C4B-88E4-35CF4645DBE3}.Release|x64.Build.0 = Release|Any CPU
		{63EDB53E-8C98-4C4B-88E4-35CF4645DBE3}.Release|x86.ActiveCfg = Release|Any CPU
		{63EDB53E-8C98-4C4B-88E4-35CF4645DBE3}.Release|x86.Build.0 = Release|Any CPU
	EndGlobalSection
EndGlobal
